
Microsoft Visual Studio Solution File, Format Version 12.00
# Visual Studio Version 17
VisualStudioVersion = 17.5.33516.290
MinimumVisualStudioVersion = 10.0.40219.1
Project("{FAE04EC0-301F-11D3-BF4B-00C04F79EFBC}") = "adonet-db-videogame", "adonet-db-videogame\adonet-db-videogame.csproj", "{4D7C5672-B0AD-458C-8422-290DA70E5ADB}"
EndProject
Global
	GlobalSection(SolutionConfigurationPlatforms) = preSolution
		Debug|Any CPU = Debug|Any CPU
		Release|Any CPU = Release|Any CPU
	EndGlobalSection
	GlobalSection(ProjectConfigurationPlatforms) = postSolution
		{4D7C5672-B0AD-458C-8422-290DA70E5ADB}.Debug|Any CPU.ActiveCfg = Debug|Any CPU
		{4D7C5672-B0AD-458C-8422-290DA70E5ADB}.Debug|Any CPU.Build.0 = Debug|Any CPU
		{4D7C5672-B0AD-458C-8422-290DA70E5ADB}.Release|Any CPU.ActiveCfg = Release|Any CPU
		{4D7C5672-B0AD-458C-8422-290DA70E5ADB}.Release|Any CPU.Build.0 = Release|Any CPU
	EndGlobalSection
	GlobalSection(SolutionProperties) = preSolution
		HideSolutionNode = FALSE
	EndGlobalSection
	GlobalSection(ExtensibilityGlobals) = postSolution
		SolutionGuid = {40BA9764-6F22-4E62-9B6E-D6FF631CD799}
	EndGlobalSection
EndGlobal
